// !$*UTF8*$!
{
	archiveVersion = 1;
	classes = {
	};
	objectVersion = 55;
	objects = {

/* Begin PBXBuildFile section */
		AF29D28C27C3BA8F00E34153 /* PointsView.swift in Sources */ = {isa = PBXBuildFile; fileRef = AF29D28B27C3BA8F00E34153 /* PointsView.swift */; };
		AF29D28E27C3E20300E34153 /* Constants.swift in Sources */ = {isa = PBXBuildFile; fileRef = AF29D28D27C3E20300E34153 /* Constants.swift */; };
		AF2BFFCA27BCBD0F006A65BE /* BullseyeApp.swift in Sources */ = {isa = PBXBuildFile; fileRef = AF2BFFC927BCBD0F006A65BE /* BullseyeApp.swift */; };
		AF2BFFCC27BCBD0F006A65BE /* ContentView.swift in Sources */ = {isa = PBXBuildFile; fileRef = AF2BFFCB27BCBD0F006A65BE /* ContentView.swift */; };
		AF2BFFCE27BCBD10006A65BE /* Assets.xcassets in Resources */ = {isa = PBXBuildFile; fileRef = AF2BFFCD27BCBD10006A65BE /* Assets.xcassets */; };
		AF2BFFD127BCBD10006A65BE /* Preview Assets.xcassets in Resources */ = {isa = PBXBuildFile; fileRef = AF2BFFD027BCBD10006A65BE /* Preview Assets.xcassets */; };
		AF2BFFDB27BCBD11006A65BE /* BullseyeTests.swift in Sources */ = {isa = PBXBuildFile; fileRef = AF2BFFDA27BCBD11006A65BE /* BullseyeTests.swift */; };
		AF2BFFE527BCBD11006A65BE /* BullseyeUITests.swift in Sources */ = {isa = PBXBuildFile; fileRef = AF2BFFE427BCBD11006A65BE /* BullseyeUITests.swift */; };
		AF2BFFE727BCBD11006A65BE /* BullseyeUITestsLaunchTests.swift in Sources */ = {isa = PBXBuildFile; fileRef = AF2BFFE627BCBD11006A65BE /* BullseyeUITestsLaunchTests.swift */; };
		AF2BFFF727BE530B006A65BE /* Game.swift in Sources */ = {isa = PBXBuildFile; fileRef = AF2BFFF627BE530B006A65BE /* Game.swift */; };
		AF52044827C131C600E91C61 /* TextViews.swift in Sources */ = {isa = PBXBuildFile; fileRef = AF52044727C131C600E91C61 /* TextViews.swift */; };
		AF52044A27C15B0E00E91C61 /* RoundedView.swift in Sources */ = {isa = PBXBuildFile; fileRef = AF52044927C15B0E00E91C61 /* RoundedView.swift */; };
		AF52044C27C1FD2E00E91C61 /* BackgroundView.swift in Sources */ = {isa = PBXBuildFile; fileRef = AF52044B27C1FD2E00E91C61 /* BackgroundView.swift */; };
/* End PBXBuildFile section */

/* Begin PBXContainerItemProxy section */
		AF2BFFD727BCBD11006A65BE /* PBXContainerItemProxy */ = {
			isa = PBXContainerItemProxy;
			containerPortal = AF2BFFBE27BCBD0F006A65BE /* Project object */;
			proxyType = 1;
			remoteGlobalIDString = AF2BFFC527BCBD0F006A65BE;
			remoteInfo = Bullseye;
		};
		AF2BFFE127BCBD11006A65BE /* PBXContainerItemProxy */ = {
			isa = PBXContainerItemProxy;
			containerPortal = AF2BFFBE27BCBD0F006A65BE /* Project object */;
			proxyType = 1;
			remoteGlobalIDString = AF2BFFC527BCBD0F006A65BE;
			remoteInfo = Bullseye;
		};
/* End PBXContainerItemProxy section */

/* Begin PBXFileReference section */
		AF29D28B27C3BA8F00E34153 /* PointsView.swift */ = {isa = PBXFileReference; lastKnownFileType = sourcecode.swift; path = PointsView.swift; sourceTree = "<group>"; };
		AF29D28D27C3E20300E34153 /* Constants.swift */ = {isa = PBXFileReference; lastKnownFileType = sourcecode.swift; path = Constants.swift; sourceTree = "<group>"; };
		AF2BFFC627BCBD0F006A65BE /* Bullseye.app */ = {isa = PBXFileReference; explicitFileType = wrapper.application; includeInIndex = 0; path = Bullseye.app; sourceTree = BUILT_PRODUCTS_DIR; };
		AF2BFFC927BCBD0F006A65BE /* BullseyeApp.swift */ = {isa = PBXFileReference; lastKnownFileType = sourcecode.swift; path = BullseyeApp.swift; sourceTree = "<group>"; };
		AF2BFFCB27BCBD0F006A65BE /* ContentView.swift */ = {isa = PBXFileReference; lastKnownFileType = sourcecode.swift; path = ContentView.swift; sourceTree = "<group>"; };
		AF2BFFCD27BCBD10006A65BE /* Assets.xcassets */ = {isa = PBXFileReference; lastKnownFileType = folder.assetcatalog; path = Assets.xcassets; sourceTree = "<group>"; };
		AF2BFFD027BCBD10006A65BE /* Preview Assets.xcassets */ = {isa = PBXFileReference; lastKnownFileType = folder.assetcatalog; path = "Preview Assets.xcassets"; sourceTree = "<group>"; };
		AF2BFFD627BCBD11006A65BE /* BullseyeTests.xctest */ = {isa = PBXFileReference; explicitFileType = wrapper.cfbundle; includeInIndex = 0; path = BullseyeTests.xctest; sourceTree = BUILT_PRODUCTS_DIR; };
		AF2BFFDA27BCBD11006A65BE /* BullseyeTests.swift */ = {isa = PBXFileReference; lastKnownFileType = sourcecode.swift; path = BullseyeTests.swift; sourceTree = "<group>"; };
		AF2BFFE027BCBD11006A65BE /* BullseyeUITests.xctest */ = {isa = PBXFileReference; explicitFileType = wrapper.cfbundle; includeInIndex = 0; path = BullseyeUITests.xctest; sourceTree = BUILT_PRODUCTS_DIR; };
		AF2BFFE427BCBD11006A65BE /* BullseyeUITests.swift */ = {isa = PBXFileReference; lastKnownFileType = sourcecode.swift; path = BullseyeUITests.swift; sourceTree = "<group>"; };
		AF2BFFE627BCBD11006A65BE /* BullseyeUITestsLaunchTests.swift */ = {isa = PBXFileReference; lastKnownFileType = sourcecode.swift; path = BullseyeUITestsLaunchTests.swift; sourceTree = "<group>"; };
		AF2BFFF627BE530B006A65BE /* Game.swift */ = {isa = PBXFileReference; lastKnownFileType = sourcecode.swift; path = Game.swift; sourceTree = "<group>"; };
		AF52044727C131C600E91C61 /* TextViews.swift */ = {isa = PBXFileReference; lastKnownFileType = sourcecode.swift; path = TextViews.swift; sourceTree = "<group>"; };
		AF52044927C15B0E00E91C61 /* RoundedView.swift */ = {isa = PBXFileReference; lastKnownFileType = sourcecode.swift; path = RoundedView.swift; sourceTree = "<group>"; };
		AF52044B27C1FD2E00E91C61 /* BackgroundView.swift */ = {isa = PBXFileReference; lastKnownFileType = sourcecode.swift; path = BackgroundView.swift; sourceTree = "<group>"; };
/* End PBXFileReference section */

/* Begin PBXFrameworksBuildPhase section */
		AF2BFFC327BCBD0F006A65BE /* Frameworks */ = {
			isa = PBXFrameworksBuildPhase;
			buildActionMask = 2147483647;
			files = (
			);
			runOnlyForDeploymentPostprocessing = 0;
		};
		AF2BFFD327BCBD11006A65BE /* Frameworks */ = {
			isa = PBXFrameworksBuildPhase;
			buildActionMask = 2147483647;
			files = (
			);
			runOnlyForDeploymentPostprocessing = 0;
		};
		AF2BFFDD27BCBD11006A65BE /* Frameworks */ = {
			isa = PBXFrameworksBuildPhase;
			buildActionMask = 2147483647;
			files = (
			);
			runOnlyForDeploymentPostprocessing = 0;
		};
/* End PBXFrameworksBuildPhase section */

/* Begin PBXGroup section */
		AF2BFFBD27BCBD0F006A65BE = {
			isa = PBXGroup;
			children = (
				AF2BFFC827BCBD0F006A65BE /* Bullseye */,
				AF2BFFD927BCBD11006A65BE /* BullseyeTests */,
				AF2BFFE327BCBD11006A65BE /* BullseyeUITests */,
				AF2BFFC727BCBD0F006A65BE /* Products */,
			);
			sourceTree = "<group>";
		};
		AF2BFFC727BCBD0F006A65BE /* Products */ = {
			isa = PBXGroup;
			children = (
				AF2BFFC627BCBD0F006A65BE /* Bullseye.app */,
				AF2BFFD627BCBD11006A65BE /* BullseyeTests.xctest */,
				AF2BFFE027BCBD11006A65BE /* BullseyeUITests.xctest */,
			);
			name = Products;
			sourceTree = "<group>";
		};
		AF2BFFC827BCBD0F006A65BE /* Bullseye */ = {
			isa = PBXGroup;
			children = (
				AF2BFFF527BE5065006A65BE /* App */,
				AF2BFFF427BE5013006A65BE /* Models */,
				AF2BFFF327BE5008006A65BE /* Views */,
				AF2BFFCF27BCBD10006A65BE /* Preview Content */,
			);
			path = Bullseye;
			sourceTree = "<group>";
		};
		AF2BFFCF27BCBD10006A65BE /* Preview Content */ = {
			isa = PBXGroup;
			children = (
				AF2BFFD027BCBD10006A65BE /* Preview Assets.xcassets */,
			);
			path = "Preview Content";
			sourceTree = "<group>";
		};
		AF2BFFD927BCBD11006A65BE /* BullseyeTests */ = {
			isa = PBXGroup;
			children = (
				AF2BFFDA27BCBD11006A65BE /* BullseyeTests.swift */,
			);
			path = BullseyeTests;
			sourceTree = "<group>";
		};
		AF2BFFE327BCBD11006A65BE /* BullseyeUITests */ = {
			isa = PBXGroup;
			children = (
				AF2BFFE427BCBD11006A65BE /* BullseyeUITests.swift */,
				AF2BFFE627BCBD11006A65BE /* BullseyeUITestsLaunchTests.swift */,
			);
			path = BullseyeUITests;
			sourceTree = "<group>";
		};
		AF2BFFF327BE5008006A65BE /* Views */ = {
			isa = PBXGroup;
			children = (
				AF2BFFCB27BCBD0F006A65BE /* ContentView.swift */,
				AF52044727C131C600E91C61 /* TextViews.swift */,
				AF52044927C15B0E00E91C61 /* RoundedView.swift */,
				AF52044B27C1FD2E00E91C61 /* BackgroundView.swift */,
				AF29D28B27C3BA8F00E34153 /* PointsView.swift */,
			);
			path = Views;
			sourceTree = "<group>";
		};
		AF2BFFF427BE5013006A65BE /* Models */ = {
			isa = PBXGroup;
			children = (
				AF2BFFF627BE530B006A65BE /* Game.swift */,
				AF29D28D27C3E20300E34153 /* Constants.swift */,
			);
			path = Models;
			sourceTree = "<group>";
		};
		AF2BFFF527BE5065006A65BE /* App */ = {
			isa = PBXGroup;
			children = (
				AF2BFFCD27BCBD10006A65BE /* Assets.xcassets */,
				AF2BFFC927BCBD0F006A65BE /* BullseyeApp.swift */,
			);
			path = App;
			sourceTree = "<group>";
		};
/* End PBXGroup section */

/* Begin PBXNativeTarget section */
		AF2BFFC527BCBD0F006A65BE /* Bullseye */ = {
			isa = PBXNativeTarget;
			buildConfigurationList = AF2BFFEA27BCBD11006A65BE /* Build configuration list for PBXNativeTarget "Bullseye" */;
			buildPhases = (
				AF2BFFC227BCBD0F006A65BE /* Sources */,
				AF2BFFC327BCBD0F006A65BE /* Frameworks */,
				AF2BFFC427BCBD0F006A65BE /* Resources */,
			);
			buildRules = (
			);
			dependencies = (
			);
			name = Bullseye;
			productName = Bullseye;
			productReference = AF2BFFC627BCBD0F006A65BE /* Bullseye.app */;
			productType = "com.apple.product-type.application";
		};
		AF2BFFD527BCBD11006A65BE /* BullseyeTests */ = {
			isa = PBXNativeTarget;
			buildConfigurationList = AF2BFFED27BCBD11006A65BE /* Build configuration list for PBXNativeTarget "BullseyeTests" */;
			buildPhases = (
				AF2BFFD227BCBD11006A65BE /* Sources */,
				AF2BFFD327BCBD11006A65BE /* Frameworks */,
				AF2BFFD427BCBD11006A65BE /* Resources */,
			);
			buildRules = (
			);
			dependencies = (
				AF2BFFD827BCBD11006A65BE /* PBXTargetDependency */,
			);
			name = BullseyeTests;
			productName = BullseyeTests;
			productReference = AF2BFFD627BCBD11006A65BE /* BullseyeTests.xctest */;
			productType = "com.apple.product-type.bundle.unit-test";
		};
		AF2BFFDF27BCBD11006A65BE /* BullseyeUITests */ = {
			isa = PBXNativeTarget;
			buildConfigurationList = AF2BFFF027BCBD11006A65BE /* Build configuration list for PBXNativeTarget "BullseyeUITests" */;
			buildPhases = (
				AF2BFFDC27BCBD11006A65BE /* Sources */,
				AF2BFFDD27BCBD11006A65BE /* Frameworks */,
				AF2BFFDE27BCBD11006A65BE /* Resources */,
			);
			buildRules = (
			);
			dependencies = (
				AF2BFFE227BCBD11006A65BE /* PBXTargetDependency */,
			);
			name = BullseyeUITests;
			productName = BullseyeUITests;
			productReference = AF2BFFE027BCBD11006A65BE /* BullseyeUITests.xctest */;
			productType = "com.apple.product-type.bundle.ui-testing";
		};
/* End PBXNativeTarget section */

/* Begin PBXProject section */
		AF2BFFBE27BCBD0F006A65BE /* Project object */ = {
			isa = PBXProject;
			attributes = {
				BuildIndependentTargetsInParallel = 1;
				LastSwiftUpdateCheck = 1320;
				LastUpgradeCheck = 1320;
				TargetAttributes = {
					AF2BFFC527BCBD0F006A65BE = {
						CreatedOnToolsVersion = 13.2.1;
					};
					AF2BFFD527BCBD11006A65BE = {
						CreatedOnToolsVersion = 13.2.1;
						TestTargetID = AF2BFFC527BCBD0F006A65BE;
					};
					AF2BFFDF27BCBD11006A65BE = {
						CreatedOnToolsVersion = 13.2.1;
						TestTargetID = AF2BFFC527BCBD0F006A65BE;
					};
				};
			};
			buildConfigurationList = AF2BFFC127BCBD0F006A65BE /* Build configuration list for PBXProject "Bullseye" */;
			compatibilityVersion = "Xcode 13.0";
			developmentRegion = en;
			hasScannedForEncodings = 0;
			knownRegions = (
				en,
				Base,
			);
			mainGroup = AF2BFFBD27BCBD0F006A65BE;
			productRefGroup = AF2BFFC727BCBD0F006A65BE /* Products */;
			projectDirPath = "";
			projectRoot = "";
			targets = (
				AF2BFFC527BCBD0F006A65BE /* Bullseye */,
				AF2BFFD527BCBD11006A65BE /* BullseyeTests */,
				AF2BFFDF27BCBD11006A65BE /* BullseyeUITests */,
			);
		};
/* End PBXProject section */

/* Begin PBXResourcesBuildPhase section */
		AF2BFFC427BCBD0F006A65BE /* Resources */ = {
			isa = PBXResourcesBuildPhase;
			buildActionMask = 2147483647;
			files = (
				AF2BFFD127BCBD10006A65BE /* Preview Assets.xcassets in Resources */,
				AF2BFFCE27BCBD10006A65BE /* Assets.xcassets in Resources */,
			);
			runOnlyForDeploymentPostprocessing = 0;
		};
		AF2BFFD427BCBD11006A65BE /* Resources */ = {
			isa = PBXResourcesBuildPhase;
			buildActionMask = 2147483647;
			files = (
			);
			runOnlyForDeploymentPostprocessing = 0;
		};
		AF2BFFDE27BCBD11006A65BE /* Resources */ = {
			isa = PBXResourcesBuildPhase;
			buildActionMask = 2147483647;
			files = (
			);
			runOnlyForDeploymentPostprocessing = 0;
		};
/* End PBXResourcesBuildPhase section */

/* Begin PBXSourcesBuildPhase section */
		AF2BFFC227BCBD0F006A65BE /* Sources */ = {
			isa = PBXSourcesBuildPhase;
			buildActionMask = 2147483647;
			files = (
				AF52044C27C1FD2E00E91C61 /* BackgroundView.swift in Sources */,
				AF52044A27C15B0E00E91C61 /* RoundedView.swift in Sources */,
				AF2BFFCC27BCBD0F006A65BE /* ContentView.swift in Sources */,
				AF52044827C131C600E91C61 /* TextViews.swift in Sources */,
				AF29D28C27C3BA8F00E34153 /* PointsView.swift in Sources */,
				AF2BFFF727BE530B006A65BE /* Game.swift in Sources */,
				AF2BFFCA27BCBD0F006A65BE /* BullseyeApp.swift in Sources */,
				AF29D28E27C3E20300E34153 /* Constants.swift in Sources */,
			);
			runOnlyForDeploymentPostprocessing = 0;
		};
		AF2BFFD227BCBD11006A65BE /* Sources */ = {
			isa = PBXSourcesBuildPhase;
			buildActionMask = 2147483647;
			files = (
				AF2BFFDB27BCBD11006A65BE /* BullseyeTests.swift in Sources */,
			);
			runOnlyForDeploymentPostprocessing = 0;
		};
		AF2BFFDC27BCBD11006A65BE /* Sources */ = {
			isa = PBXSourcesBuildPhase;
			buildActionMask = 2147483647;
			files = (
				AF2BFFE727BCBD11006A65BE /* BullseyeUITestsLaunchTests.swift in Sources */,
				AF2BFFE527BCBD11006A65BE /* BullseyeUITests.swift in Sources */,
			);
			runOnlyForDeploymentPostprocessing = 0;
		};
/* End PBXSourcesBuildPhase section */

/* Begin PBXTargetDependency section */
		AF2BFFD827BCBD11006A65BE /* PBXTargetDependency */ = {
			isa = PBXTargetDependency;
			target = AF2BFFC527BCBD0F006A65BE /* Bullseye */;
			targetProxy = AF2BFFD727BCBD11006A65BE /* PBXContainerItemProxy */;
		};
		AF2BFFE227BCBD11006A65BE /* PBXTargetDependency */ = {
			isa = PBXTargetDependency;
			target = AF2BFFC527BCBD0F006A65BE /* Bullseye */;
			targetProxy = AF2BFFE127BCBD11006A65BE /* PBXContainerItemProxy */;
		};
/* End PBXTargetDependency section */

/* Begin XCBuildConfiguration section */
		AF2BFFE827BCBD11006A65BE /* Debug */ = {
			isa = XCBuildConfiguration;
			buildSettings = {
				ALWAYS_SEARCH_USER_PATHS = NO;
				CLANG_ANALYZER_NONNULL = YES;
				CLANG_ANALYZER_NUMBER_OBJECT_CONVERSION = YES_AGGRESSIVE;
				CLANG_CXX_LANGUAGE_STANDARD = "gnu++17";
				CLANG_CXX_LIBRARY = "libc++";
				CLANG_ENABLE_MODULES = YES;
				CLANG_ENABLE_OBJC_ARC = YES;
				CLANG_ENABLE_OBJC_WEAK = YES;
				CLANG_WARN_BLOCK_CAPTURE_AUTORELEASING = YES;
				CLANG_WARN_BOOL_CONVERSION = YES;
				CLANG_WARN_COMMA = YES;
				CLANG_WARN_CONSTANT_CONVERSION = YES;
				CLANG_WARN_DEPRECATED_OBJC_IMPLEMENTATIONS = YES;
				CLANG_WARN_DIRECT_OBJC_ISA_USAGE = YES_ERROR;
				CLANG_WARN_DOCUMENTATION_COMMENTS = YES;
				CLANG_WARN_EMPTY_BODY = YES;
				CLANG_WARN_ENUM_CONVERSION = YES;
				CLANG_WARN_INFINITE_RECURSION = YES;
				CLANG_WARN_INT_CONVERSION = YES;
				CLANG_WARN_NON_LITERAL_NULL_CONVERSION = YES;
				CLANG_WARN_OBJC_IMPLICIT_RETAIN_SELF = YES;
				CLANG_WARN_OBJC_LITERAL_CONVERSION = YES;
				CLANG_WARN_OBJC_ROOT_CLASS = YES_ERROR;
				CLANG_WARN_QUOTED_INCLUDE_IN_FRAMEWORK_HEADER = YES;
				CLANG_WARN_RANGE_LOOP_ANALYSIS = YES;
				CLANG_WARN_STRICT_PROTOTYPES = YES;
				CLANG_WARN_SUSPICIOUS_MOVE = YES;
				CLANG_WARN_UNGUARDED_AVAILABILITY = YES_AGGRESSIVE;
				CLANG_WARN_UNREACHABLE_CODE = YES;
				CLANG_WARN__DUPLICATE_METHOD_MATCH = YES;
				COPY_PHASE_STRIP = NO;
				DEBUG_INFORMATION_FORMAT = dwarf;
				ENABLE_STRICT_OBJC_MSGSEND = YES;
				ENABLE_TESTABILITY = YES;
				GCC_C_LANGUAGE_STANDARD = gnu11;
				GCC_DYNAMIC_NO_PIC = NO;
				GCC_NO_COMMON_BLOCKS = YES;
				GCC_OPTIMIZATION_LEVEL = 0;
				GCC_PREPROCESSOR_DEFINITIONS = (
					"DEBUG=1",
					"$(inherited)",
				);
				GCC_WARN_64_TO_32_BIT_CONVERSION = YES;
				GCC_WARN_ABOUT_RETURN_TYPE = YES_ERROR;
				GCC_WARN_UNDECLARED_SELECTOR = YES;
				GCC_WARN_UNINITIALIZED_AUTOS = YES_AGGRESSIVE;
				GCC_WARN_UNUSED_FUNCTION = YES;
				GCC_WARN_UNUSED_VARIABLE = YES;
				IPHONEOS_DEPLOYMENT_TARGET = 15.2;
				MTL_ENABLE_DEBUG_INFO = INCLUDE_SOURCE;
				MTL_FAST_MATH = YES;
				ONLY_ACTIVE_ARCH = YES;
				SDKROOT = iphoneos;
				SWIFT_ACTIVE_COMPILATION_CONDITIONS = DEBUG;
				SWIFT_OPTIMIZATION_LEVEL = "-Onone";
			};
			name = Debug;
		};
		AF2BFFE927BCBD11006A65BE /* Release */ = {
			isa = XCBuildConfiguration;
			buildSettings = {
				ALWAYS_SEARCH_USER_PATHS = NO;
				CLANG_ANALYZER_NONNULL = YES;
				CLANG_ANALYZER_NUMBER_OBJECT_CONVERSION = YES_AGGRESSIVE;
				CLANG_CXX_LANGUAGE_STANDARD = "gnu++17";
				CLANG_CXX_LIBRARY = "libc++";
				CLANG_ENABLE_MODULES = YES;
				CLANG_ENABLE_OBJC_ARC = YES;
				CLANG_ENABLE_OBJC_WEAK = YES;
				CLANG_WARN_BLOCK_CAPTURE_AUTORELEASING = YES;
				CLANG_WARN_BOOL_CONVERSION = YES;
				CLANG_WARN_COMMA = YES;
				CLANG_WARN_CONSTANT_CONVERSION = YES;
				CLANG_WARN_DEPRECATED_OBJC_IMPLEMENTATIONS = YES;
				CLANG_WARN_DIRECT_OBJC_ISA_USAGE = YES_ERROR;
				CLANG_WARN_DOCUMENTATION_COMMENTS = YES;
				CLANG_WARN_EMPTY_BODY = YES;
				CLANG_WARN_ENUM_CONVERSION = YES;
				CLANG_WARN_INFINITE_RECURSION = YES;
				CLANG_WARN_INT_CONVERSION = YES;
				CLANG_WARN_NON_LITERAL_NULL_CONVERSION = YES;
				CLANG_WARN_OBJC_IMPLICIT_RETAIN_SELF = YES;
				CLANG_WARN_OBJC_LITERAL_CONVERSION = YES;
				CLANG_WARN_OBJC_ROOT_CLASS = YES_ERROR;
				CLANG_WARN_QUOTED_INCLUDE_IN_FRAMEWORK_HEADER = YES;
				CLANG_WARN_RANGE_LOOP_ANALYSIS = YES;
				CLANG_WARN_STRICT_PROTOTYPES = YES;
				CLANG_WARN_SUSPICIOUS_MOVE = YES;
				CLANG_WARN_UNGUARDED_AVAILABILITY = YES_AGGRESSIVE;
				CLANG_WARN_UNREACHABLE_CODE = YES;
				CLANG_WARN__DUPLICATE_METHOD_MATCH = YES;
				COPY_PHASE_STRIP = NO;
				DEBUG_INFORMATION_FORMAT = "dwarf-with-dsym";
				ENABLE_NS_ASSERTIONS = NO;
				ENABLE_STRICT_OBJC_MSGSEND = YES;
				GCC_C_LANGUAGE_STANDARD = gnu11;
				GCC_NO_COMMON_BLOCKS = YES;
				GCC_WARN_64_TO_32_BIT_CONVERSION = YES;
				GCC_WARN_ABOUT_RETURN_TYPE = YES_ERROR;
				GCC_WARN_UNDECLARED_SELECTOR = YES;
				GCC_WARN_UNINITIALIZED_AUTOS = YES_AGGRESSIVE;
				GCC_WARN_UNUSED_FUNCTION = YES;
				GCC_WARN_UNUSED_VARIABLE = YES;
				IPHONEOS_DEPLOYMENT_TARGET = 15.2;
				MTL_ENABLE_DEBUG_INFO = NO;
				MTL_FAST_MATH = YES;
				SDKROOT = iphoneos;
				SWIFT_COMPILATION_MODE = wholemodule;
				SWIFT_OPTIMIZATION_LEVEL = "-O";
				VALIDATE_PRODUCT = YES;
			};
			name = Release;
		};
		AF2BFFEB27BCBD11006A65BE /* Debug */ = {
			isa = XCBuildConfiguration;
			buildSettings = {
				ASSETCATALOG_COMPILER_APPICON_NAME = AppIcon;
				ASSETCATALOG_COMPILER_GLOBAL_ACCENT_COLOR_NAME = AccentColor;
				CODE_SIGN_STYLE = Automatic;
				CURRENT_PROJECT_VERSION = 1;
				DEVELOPMENT_ASSET_PATHS = "\"Bullseye/Preview Content\"";
				DEVELOPMENT_TEAM = 3677V2PBRW;
				ENABLE_PREVIEWS = YES;
				GENERATE_INFOPLIST_FILE = YES;
				INFOPLIST_KEY_UIApplicationSceneManifest_Generation = YES;
				INFOPLIST_KEY_UIApplicationSupportsIndirectInputEvents = YES;
				INFOPLIST_KEY_UILaunchScreen_Generation = YES;
				INFOPLIST_KEY_UISupportedInterfaceOrientations_iPad = "UIInterfaceOrientationPortrait UIInterfaceOrientationPortraitUpsideDown UIInterfaceOrientationLandscapeLeft UIInterfaceOrientationLandscapeRight";
				INFOPLIST_KEY_UISupportedInterfaceOrientations_iPhone = "UIInterfaceOrientationPortrait UIInterfaceOrientationLandscapeLeft UIInterfaceOrientationLandscapeRight";
				LD_RUNPATH_SEARCH_PATHS = (
					"$(inherited)",
					"@executable_path/Frameworks",
				);
				MARKETING_VERSION = 1.0;
				PRODUCT_BUNDLE_IDENTIFIER = com.rm.Bullseye;
				PRODUCT_NAME = "$(TARGET_NAME)";
				SWIFT_EMIT_LOC_STRINGS = YES;
				SWIFT_VERSION = 5.0;
				TARGETED_DEVICE_FAMILY = "1,2";
			};
			name = Debug;
		};
		AF2BFFEC27BCBD11006A65BE /* Release */ = {
			isa = XCBuildConfiguration;
			buildSettings = {
				ASSETCATALOG_COMPILER_APPICON_NAME = AppIcon;
				ASSETCATALOG_COMPILER_GLOBAL_ACCENT_COLOR_NAME = AccentColor;
				CODE_SIGN_STYLE = Automatic;
				CURRENT_PROJECT_VERSION = 1;
				DEVELOPMENT_ASSET_PATHS = "\"Bullseye/Preview Content\"";
				DEVELOPMENT_TEAM = 3677V2PBRW;
				ENABLE_PREVIEWS = YES;
				GENERATE_INFOPLIST_FILE = YES;
				INFOPLIST_KEY_UIApplicationSceneManifest_Generation = YES;
				INFOPLIST_KEY_UIApplicationSupportsIndirectInputEvents = YES;
				INFOPLIST_KEY_UILaunchScreen_Generation = YES;
				INFOPLIST_KEY_UISupportedInterfaceOrientations_iPad = "UIInterfaceOrientationPortrait UIInterfaceOrientationPortraitUpsideDown UIInterfaceOrientationLandscapeLeft UIInterfaceOrientationLandscapeRight";
				INFOPLIST_KEY_UISupportedInterfaceOrientations_iPhone = "UIInterfaceOrientationPortrait UIInterfaceOrientationLandscapeLeft UIInterfaceOrientationLandscapeRight";
				LD_RUNPATH_SEARCH_PATHS = (
					"$(inherited)",
					"@executable_path/Frameworks",
				);
				MARKETING_VERSION = 1.0;
				PRODUCT_BUNDLE_IDENTIFIER = com.rm.Bullseye;
				PRODUCT_NAME = "$(TARGET_NAME)";
				SWIFT_EMIT_LOC_STRINGS = YES;
				SWIFT_VERSION = 5.0;
				TARGETED_DEVICE_FAMILY = "1,2";
			};
			name = Release;
		};
		AF2BFFEE27BCBD11006A65BE /* Debug */ = {
			isa = XCBuildConfiguration;
			buildSettings = {
				ALWAYS_EMBED_SWIFT_STANDARD_LIBRARIES = YES;
				BUNDLE_LOADER = "$(TEST_HOST)";
				CODE_SIGN_STYLE = Automatic;
				CURRENT_PROJECT_VERSION = 1;
				DEVELOPMENT_TEAM = 3677V2PBRW;
				GENERATE_INFOPLIST_FILE = YES;
				IPHONEOS_DEPLOYMENT_TARGET = 15.2;
				MARKETING_VERSION = 1.0;
				PRODUCT_BUNDLE_IDENTIFIER = com.rm.BullseyeTests;
				PRODUCT_NAME = "$(TARGET_NAME)";
				SWIFT_EMIT_LOC_STRINGS = NO;
				SWIFT_VERSION = 5.0;
				TARGETED_DEVICE_FAMILY = "1,2";
				TEST_HOST = "$(BUILT_PRODUCTS_DIR)/Bullseye.app/Bullseye";
			};
			name = Debug;
		};
		AF2BFFEF27BCBD11006A65BE /* Release */ = {
			isa = XCBuildConfiguration;
			buildSettings = {
				ALWAYS_EMBED_SWIFT_STANDARD_LIBRARIES = YES;
				BUNDLE_LOADER = "$(TEST_HOST)";
				CODE_SIGN_STYLE = Automatic;
				CURRENT_PROJECT_VERSION = 1;
				DEVELOPMENT_TEAM = 3677V2PBRW;
				GENERATE_INFOPLIST_FILE = YES;
				IPHONEOS_DEPLOYMENT_TARGET = 15.2;
				MARKETING_VERSION = 1.0;
				PRODUCT_BUNDLE_IDENTIFIER = com.rm.BullseyeTests;
				PRODUCT_NAME = "$(TARGET_NAME)";
				SWIFT_EMIT_LOC_STRINGS = NO;
				SWIFT_VERSION = 5.0;
				TARGETED_DEVICE_FAMILY = "1,2";
				TEST_HOST = "$(BUILT_PRODUCTS_DIR)/Bullseye.app/Bullseye";
			};
			name = Release;
		};
		AF2BFFF127BCBD11006A65BE /* Debug */ = {
			isa = XCBuildConfiguration;
			buildSettings = {
				ALWAYS_EMBED_SWIFT_STANDARD_LIBRARIES = YES;
				CODE_SIGN_STYLE = Automatic;
				CURRENT_PROJECT_VERSION = 1;
				DEVELOPMENT_TEAM = 3677V2PBRW;
				GENERATE_INFOPLIST_FILE = YES;
				MARKETING_VERSION = 1.0;
				PRODUCT_BUNDLE_IDENTIFIER = com.rm.BullseyeUITests;
				PRODUCT_NAME = "$(TARGET_NAME)";
				SWIFT_EMIT_LOC_STRINGS = NO;
				SWIFT_VERSION = 5.0;
				TARGETED_DEVICE_FAMILY = "1,2";
				TEST_TARGET_NAME = Bullseye;
			};
			name = Debug;
		};
		AF2BFFF227BCBD11006A65BE /* Release */ = {
			isa = XCBuildConfiguration;
			buildSettings = {
				ALWAYS_EMBED_SWIFT_STANDARD_LIBRARIES = YES;
				CODE_SIGN_STYLE = Automatic;
				CURRENT_PROJECT_VERSION = 1;
				DEVELOPMENT_TEAM = 3677V2PBRW;
				GENERATE_INFOPLIST_FILE = YES;
				MARKETING_VERSION = 1.0;
				PRODUCT_BUNDLE_IDENTIFIER = com.rm.BullseyeUITests;
				PRODUCT_NAME = "$(TARGET_NAME)";
				SWIFT_EMIT_LOC_STRINGS = NO;
				SWIFT_VERSION = 5.0;
				TARGETED_DEVICE_FAMILY = "1,2";
				TEST_TARGET_NAME = Bullseye;
			};
			name = Release;
		};
/* End XCBuildConfiguration section */

/* Begin XCConfigurationList section */
		AF2BFFC127BCBD0F006A65BE /* Build configuration list for PBXProject "Bullseye" */ = {
			isa = XCConfigurationList;
			buildConfigurations = (
				AF2BFFE827BCBD11006A65BE /* Debug */,
				AF2BFFE927BCBD11006A65BE /* Release */,
			);
			defaultConfigurationIsVisible = 0;
			defaultConfigurationName = Release;
		};
		AF2BFFEA27BCBD11006A65BE /* Build configuration list for PBXNativeTarget "Bullseye" */ = {
			isa = XCConfigurationList;
			buildConfigurations = (
				AF2BFFEB27BCBD11006A65BE /* Debug */,
				AF2BFFEC27BCBD11006A65BE /* Release */,
			);
			defaultConfigurationIsVisible = 0;
			defaultConfigurationName = Release;
		};
		AF2BFFED27BCBD11006A65BE /* Build configuration list for PBXNativeTarget "BullseyeTests" */ = {
			isa = XCConfigurationList;
			buildConfigurations = (
				AF2BFFEE27BCBD11006A65BE /* Debug */,
				AF2BFFEF27BCBD11006A65BE /* Release */,
			);
			defaultConfigurationIsVisible = 0;
			defaultConfigurationName = Release;
		};
		AF2BFFF027BCBD11006A65BE /* Build configuration list for PBXNativeTarget "BullseyeUITests" */ = {
			isa = XCConfigurationList;
			buildConfigurations = (
				AF2BFFF127BCBD11006A65BE /* Debug */,
				AF2BFFF227BCBD11006A65BE /* Release */,
			);
			defaultConfigurationIsVisible = 0;
			defaultConfigurationName = Release;
		};
/* End XCConfigurationList section */
	};
	rootObject = AF2BFFBE27BCBD0F006A65BE /* Project object */;
}
